
Microsoft Visual Studio Solution File, Format Version 12.00
# Visual Studio Version 16
VisualStudioVersion = 16.0.810.21
MinimumVisualStudioVersion = 10.0.40219.1
Project("{FAE04EC0-301F-11D3-BF4B-00C04F79EFBC}") = "TripLog.Android", "TripLog.Android\TripLog.Android.csproj", "{2D4C723E-FCC3-4E5A-AB54-1F00C475B07E}"
EndProject
Project("{FAE04EC0-301F-11D3-BF4B-00C04F79EFBC}") = "TripLog.iOS", "TripLog.iOS\TripLog.iOS.csproj", "{0A171F45-19B7-40A0-9633-938B91481293}"
EndProject
Project("{FAE04EC0-301F-11D3-BF4B-00C04F79EFBC}") = "TripLog", "TripLog\TripLog.csproj", "{5E4BB9AA-B77C-4D43-AFD8-7C5C78307192}"
EndProject
Global
	GlobalSection(SolutionConfigurationPlatforms) = preSolution
		Debug|Any CPU = Debug|Any CPU
		Release|Any CPU = Release|Any CPU
		Debug|iPhoneSimulator = Debug|iPhoneSimulator
		Release|iPhoneSimulator = Release|iPhoneSimulator
		Debug|iPhone = Debug|iPhone
		Release|iPhone = Release|iPhone
	EndGlobalSection
	GlobalSection(ProjectConfigurationPlatforms) = postSolution
		{2D4C723E-FCC3-4E5A-AB54-1F00C475B07E}.Debug|Any CPU.ActiveCfg = Debug|Any CPU
		{2D4C723E-FCC3-4E5A-AB54-1F00C475B07E}.Debug|Any CPU.Build.0 = Debug|Any CPU
		{2D4C723E-FCC3-4E5A-AB54-1F00C475B07E}.Release|Any CPU.ActiveCfg = Release|Any CPU
		{2D4C723E-FCC3-4E5A-AB54-1F00C475B07E}.Release|Any CPU.Build.0 = Release|Any CPU
		{2D4C723E-FCC3-4E5A-AB54-1F00C475B07E}.Debug|iPhoneSimulator.ActiveCfg = Debug|Any CPU
		{2D4C723E-FCC3-4E5A-AB54-1F00C475B07E}.Debug|iPhoneSimulator.Build.0 = Debug|Any CPU
		{2D4C723E-FCC3-4E5A-AB54-1F00C475B07E}.Release|iPhoneSimulator.ActiveCfg = Release|Any CPU
		{2D4C723E-FCC3-4E5A-AB54-1F00C475B07E}.Release|iPhoneSimulator.Build.0 = Release|Any CPU
		{2D4C723E-FCC3-4E5A-AB54-1F00C475B07E}.Debug|iPhone.ActiveCfg = Debug|Any CPU
		{2D4C723E-FCC3-4E5A-AB54-1F00C475B07E}.Debug|iPhone.Build.0 = Debug|Any CPU
		{2D4C723E-FCC3-4E5A-AB54-1F00C475B07E}.Release|iPhone.ActiveCfg = Release|Any CPU
		{2D4C723E-FCC3-4E5A-AB54-1F00C475B07E}.Release|iPhone.Build.0 = Release|Any CPU
		{0A171F45-19B7-40A0-9633-938B91481293}.Debug|Any CPU.ActiveCfg = Debug|iPhoneSimulator
		{0A171F45-19B7-40A0-9633-938B91481293}.Debug|Any CPU.Build.0 = Debug|iPhoneSimulator
		{0A171F45-19B7-40A0-9633-938B91481293}.Release|Any CPU.ActiveCfg = Release|iPhoneSimulator
		{0A171F45-19B7-40A0-9633-938B91481293}.Release|Any CPU.Build.0 = Release|iPhoneSimulator
		{0A171F45-19B7-40A0-9633-938B91481293}.Debug|iPhoneSimulator.ActiveCfg = Debug|iPhoneSimulator
		{0A171F45-19B7-40A0-9633-938B91481293}.Debug|iPhoneSimulator.Build.0 = Debug|iPhoneSimulator
		{0A171F45-19B7-40A0-9633-938B91481293}.Release|iPhoneSimulator.ActiveCfg = Release|iPhoneSimulator
		{0A171F45-19B7-40A0-9633-938B91481293}.Release|iPhoneSimulator.Build.0 = Release|iPhoneSimulator
		{0A171F45-19B7-40A0-9633-938B91481293}.Debug|iPhone.ActiveCfg = Debug|iPhone
		{0A171F45-19B7-40A0-9633-938B91481293}.Debug|iPhone.Build.0 = Debug|iPhone
		{0A171F45-19B7-40A0-9633-938B91481293}.Release|iPhone.ActiveCfg = Release|iPhone
		{0A171F45-19B7-40A0-9633-938B91481293}.Release|iPhone.Build.0 = Release|iPhone
		{5E4BB9AA-B77C-4D43-AFD8-7C5C78307192}.Debug|Any CPU.ActiveCfg = Debug|Any CPU
		{5E4BB9AA-B77C-4D43-AFD8-7C5C78307192}.Debug|Any CPU.Build.0 = Debug|Any CPU
		{5E4BB9AA-B77C-4D43-AFD8-7C5C78307192}.Release|Any CPU.ActiveCfg = Release|Any CPU
		{5E4BB9AA-B77C-4D43-AFD8-7C5C78307192}.Release|Any CPU.Build.0 = Release|Any CPU
		{5E4BB9AA-B77C-4D43-AFD8-7C5C78307192}.Debug|iPhoneSimulator.ActiveCfg = Debug|Any CPU
		{5E4BB9AA-B77C-4D43-AFD8-7C5C78307192}.Debug|iPhoneSimulator.Build.0 = Debug|Any CPU
		{5E4BB9AA-B77C-4D43-AFD8-7C5C78307192}.Release|iPhoneSimulator.ActiveCfg = Release|Any CPU
		{5E4BB9AA-B77C-4D43-AFD8-7C5C78307192}.Release|iPhoneSimulator.Build.0 = Release|Any CPU
		{5E4BB9AA-B77C-4D43-AFD8-7C5C78307192}.Debug|iPhone.ActiveCfg = Debug|Any CPU
		{5E4BB9AA-B77C-4D43-AFD8-7C5C78307192}.Debug|iPhone.Build.0 = Debug|Any CPU
		{5E4BB9AA-B77C-4D43-AFD8-7C5C78307192}.Release|iPhone.ActiveCfg = Release|Any CPU
		{5E4BB9AA-B77C-4D43-AFD8-7C5C78307192}.Release|iPhone.Build.0 = Release|Any CPU
	EndGlobalSection
	GlobalSection(SolutionProperties) = preSolution
		HideSolutionNode = FALSE
	EndGlobalSection
	GlobalSection(ExtensibilityGlobals) = postSolution
		SolutionGuid = {A27C44EF-CD72-4523-9849-489CEF2D23BC}
	EndGlobalSection
EndGlobal
